
Microsoft Visual Studio Solution File, Format Version 12.00
# Visual Studio Version 16
VisualStudioVersion = 16.0.30907.101
MinimumVisualStudioVersion = 10.0.40219.1
Project("{FAE04EC0-301F-11D3-BF4B-00C04F79EFBC}") = "InvoiceTotal", "InvoiceTotal.csproj", "{7A3D5E55-0BA6-4E57-9069-C3104231DF07}"
EndProject
Global
	GlobalSection(SolutionConfigurationPlatforms) = preSolution
		Debug|Any CPU = Debug|Any CPU
		Release|Any CPU = Release|Any CPU
	EndGlobalSection
	GlobalSection(ProjectConfigurationPlatforms) = postSolution
		{7A3D5E55-0BA6-4E57-9069-C3104231DF07}.Debug|Any CPU.ActiveCfg = Debug|Any CPU
		{7A3D5E55-0BA6-4E57-9069-C3104231DF07}.Debug|Any CPU.Build.0 = Debug|Any CPU
		{7A3D5E55-0BA6-4E57-9069-C3104231DF07}.Release|Any CPU.ActiveCfg = Release|Any CPU
		{7A3D5E55-0BA6-4E57-9069-C3104231DF07}.Release|Any CPU.Build.0 = Release|Any CPU
	EndGlobalSection
	GlobalSection(SolutionProperties) = preSolution
		HideSolutionNode = FALSE
	EndGlobalSection
	GlobalSection(ExtensibilityGlobals) = postSolution
		SolutionGuid = {7D4F139A-CE21-49EC-B912-F521FE4276EB}
	EndGlobalSection
EndGlobal
