
Microsoft Visual Studio Solution File, Format Version 12.00
# Visual Studio Version 16
VisualStudioVersion = 16.0.30907.101
MinimumVisualStudioVersion = 10.0.40219.1
Project("{FAE04EC0-301F-11D3-BF4B-00C04F79EFBC}") = "WindowsFormsApp2", "WindowsFormsApp2.csproj", "{28297DAB-4B63-4F4F-BDE3-78F0E8E7D20D}"
EndProject
Global
	GlobalSection(SolutionConfigurationPlatforms) = preSolution
		Debug|Any CPU = Debug|Any CPU
		Release|Any CPU = Release|Any CPU
	EndGlobalSection
	GlobalSection(ProjectConfigurationPlatforms) = postSolution
		{28297DAB-4B63-4F4F-BDE3-78F0E8E7D20D}.Debug|Any CPU.ActiveCfg = Debug|Any CPU
		{28297DAB-4B63-4F4F-BDE3-78F0E8E7D20D}.Debug|Any CPU.Build.0 = Debug|Any CPU
		{28297DAB-4B63-4F4F-BDE3-78F0E8E7D20D}.Release|Any CPU.ActiveCfg = Release|Any CPU
		{28297DAB-4B63-4F4F-BDE3-78F0E8E7D20D}.Release|Any CPU.Build.0 = Release|Any CPU
	EndGlobalSection
	GlobalSection(SolutionProperties) = preSolution
		HideSolutionNode = FALSE
	EndGlobalSection
	GlobalSection(ExtensibilityGlobals) = postSolution
		SolutionGuid = {CF43AE42-F089-49CD-B538-92E1EFCA6079}
	EndGlobalSection
EndGlobal
